{
  "nodes": {
    "cargo-dyndrv": {
      "inputs": {
        "nixpkgs": [
          "nixpkgs"
        ]
      },
      "locked": {
        "lastModified": 1789896710,
        "narHash": "sha256-uijSVr5pItgs0yrbt26zRGs6C8d4oy/2wIrC3+waSz8=",
        "owner": "mikenrafter",
        "repo": "cargo-dyndrv",
        "rev": "c70beeb376a0610b57426556c9ccfaae74e3b9fa",
        "type": "github"
      },
      "original": {
        "owner": "mikenrafter",
        "ref": "fix/build-script-cargo-env-vars",
        "repo": "cargo-dyndrv",
        "type": "github"
      }
    },
    "nixpkgs": {
      "locked": {
        "lastModified": 1789542786,
        "narHash": "sha256-ajQuqcxnj6RYnwCjA/9FTCnrdR2+BDzstE8UembXf60=",
        "owner": "NixOS",
        "repo": "nixpkgs",
        "rev": "4c7870105e7f1fdf9c48688c8d7efc21abf0688a",
        "type": "github"
      },
      "original": {
        "owner": "NixOS",
        "ref": "nixos-26.05",
        "repo": "nixpkgs",
        "type": "github"
      }
    },
    "root": {
      "inputs": {
        "cargo-dyndrv": "cargo-dyndrv",
        "nixpkgs": "nixpkgs"
      }
    }
  },
  "root": "root",
  "version": 7
}
